
Microsoft Visual Studio Solution File, Format Version 12.00
# Visual Studio Version 17
VisualStudioVersion = 17.11.35208.52
MinimumVisualStudioVersion = 10.0.40219.1
Project("{9A19103F-16F7-4668-BE54-9A1E7A4F7556}") = "web_profile", "web_profile\web_profile.csproj", "{85E09F7F-E7DE-4826-B350-D10A71DA924C}"
EndProject
Project("{FAE04EC0-301F-11D3-BF4B-00C04F79EFBC}") = "ViewResource", "Resource\ViewResource.csproj", "{D3DC1CF4-172E-4AD9-9990-2DE521FC78A2}"
EndProject
Project("{FAE04EC0-301F-11D3-BF4B-00C04F79EFBC}") = "ClassResource", "ClassResource\ClassResource.csproj", "{3D08C5BC-B176-4FEA-A59B-65F421B140E9}"
EndProject
Global
	GlobalSection(SolutionConfigurationPlatforms) = preSolution
		Debug|Any CPU = Debug|Any CPU
		Release|Any CPU = Release|Any CPU
	EndGlobalSection
	GlobalSection(ProjectConfigurationPlatforms) = postSolution
		{85E09F7F-E7DE-4826-B350-D10A71DA924C}.Debug|Any CPU.ActiveCfg = Debug|Any CPU
		{85E09F7F-E7DE-4826-B350-D10A71DA924C}.Debug|Any CPU.Build.0 = Debug|Any CPU
		{85E09F7F-E7DE-4826-B350-D10A71DA924C}.Release|Any CPU.ActiveCfg = Release|Any CPU
		{85E09F7F-E7DE-4826-B350-D10A71DA924C}.Release|Any CPU.Build.0 = Release|Any CPU
		{D3DC1CF4-172E-4AD9-9990-2DE521FC78A2}.Debug|Any CPU.ActiveCfg = Debug|Any CPU
		{D3DC1CF4-172E-4AD9-9990-2DE521FC78A2}.Debug|Any CPU.Build.0 = Debug|Any CPU
		{D3DC1CF4-172E-4AD9-9990-2DE521FC78A2}.Release|Any CPU.ActiveCfg = Release|Any CPU
		{D3DC1CF4-172E-4AD9-9990-2DE521FC78A2}.Release|Any CPU.Build.0 = Release|Any CPU
		{3D08C5BC-B176-4FEA-A59B-65F421B140E9}.Debug|Any CPU.ActiveCfg = Debug|Any CPU
		{3D08C5BC-B176-4FEA-A59B-65F421B140E9}.Debug|Any CPU.Build.0 = Debug|Any CPU
		{3D08C5BC-B176-4FEA-A59B-65F421B140E9}.Release|Any CPU.ActiveCfg = Release|Any CPU
		{3D08C5BC-B176-4FEA-A59B-65F421B140E9}.Release|Any CPU.Build.0 = Release|Any CPU
	EndGlobalSection
	GlobalSection(SolutionProperties) = preSolution
		HideSolutionNode = FALSE
	EndGlobalSection
	GlobalSection(ExtensibilityGlobals) = postSolution
		SolutionGuid = {413984AC-61BA-4DDC-BE3D-21F8126DDFE1}
	EndGlobalSection
EndGlobal
